
Microsoft Visual Studio Solution File, Format Version 12.00
# Visual Studio Version 16
VisualStudioVersion = 16.0.30804.86
MinimumVisualStudioVersion = 10.0.40219.1
Project("{2150E333-8FDC-42A3-9474-1A3956D46DE8}") = "DAL", "DAL", "{3E99775A-5BE6-4254-BAEF-F640A1967207}"
EndProject
Project("{2150E333-8FDC-42A3-9474-1A3956D46DE8}") = "Models", "Models", "{ECF76FBC-554E-44BF-9959-8908F5C13A44}"
EndProject
Project("{2150E333-8FDC-42A3-9474-1A3956D46DE8}") = "Services", "Services", "{407F4C67-47BD-48ED-B23B-FECB1988BBA5}"
EndProject
Project("{9A19103F-16F7-4668-BE54-9A1E7A4F7556}") = "ToDo.DataAccess", "ToDo.DataAccess\ToDo.DataAccess.csproj", "{F62E14DE-359C-4397-B6A1-479F2EFFEB69}"
EndProject
Project("{9A19103F-16F7-4668-BE54-9A1E7A4F7556}") = "SuperTodo", "SuperTodo\SuperTodo.csproj", "{038477E2-5073-4DA9-8A24-BD3B658BDA33}"
EndProject
Project("{9A19103F-16F7-4668-BE54-9A1E7A4F7556}") = "MyToDo.Services", "MyToDo.Services\MyToDo.Services.csproj", "{2A31B026-8F1B-426A-8820-CFE8FB88DF4B}"
EndProject
Project("{9A19103F-16F7-4668-BE54-9A1E7A4F7556}") = "MyToDo.api", "MyToDo.api\MyToDo.api.csproj", "{72657EAF-F431-465E-AEA5-24AED8C0F318}"
EndProject
Global
	GlobalSection(SolutionConfigurationPlatforms) = preSolution
		Debug|Any CPU = Debug|Any CPU
		Release|Any CPU = Release|Any CPU
	EndGlobalSection
	GlobalSection(ProjectConfigurationPlatforms) = postSolution
		{F62E14DE-359C-4397-B6A1-479F2EFFEB69}.Debug|Any CPU.ActiveCfg = Debug|Any CPU
		{F62E14DE-359C-4397-B6A1-479F2EFFEB69}.Debug|Any CPU.Build.0 = Debug|Any CPU
		{F62E14DE-359C-4397-B6A1-479F2EFFEB69}.Release|Any CPU.ActiveCfg = Release|Any CPU
		{F62E14DE-359C-4397-B6A1-479F2EFFEB69}.Release|Any CPU.Build.0 = Release|Any CPU
		{038477E2-5073-4DA9-8A24-BD3B658BDA33}.Debug|Any CPU.ActiveCfg = Debug|Any CPU
		{038477E2-5073-4DA9-8A24-BD3B658BDA33}.Debug|Any CPU.Build.0 = Debug|Any CPU
		{038477E2-5073-4DA9-8A24-BD3B658BDA33}.Release|Any CPU.ActiveCfg = Release|Any CPU
		{038477E2-5073-4DA9-8A24-BD3B658BDA33}.Release|Any CPU.Build.0 = Release|Any CPU
		{2A31B026-8F1B-426A-8820-CFE8FB88DF4B}.Debug|Any CPU.ActiveCfg = Debug|Any CPU
		{2A31B026-8F1B-426A-8820-CFE8FB88DF4B}.Debug|Any CPU.Build.0 = Debug|Any CPU
		{2A31B026-8F1B-426A-8820-CFE8FB88DF4B}.Release|Any CPU.ActiveCfg = Release|Any CPU
		{2A31B026-8F1B-426A-8820-CFE8FB88DF4B}.Release|Any CPU.Build.0 = Release|Any CPU
		{72657EAF-F431-465E-AEA5-24AED8C0F318}.Debug|Any CPU.ActiveCfg = Debug|Any CPU
		{72657EAF-F431-465E-AEA5-24AED8C0F318}.Debug|Any CPU.Build.0 = Debug|Any CPU
		{72657EAF-F431-465E-AEA5-24AED8C0F318}.Release|Any CPU.ActiveCfg = Release|Any CPU
		{72657EAF-F431-465E-AEA5-24AED8C0F318}.Release|Any CPU.Build.0 = Release|Any CPU
	EndGlobalSection
	GlobalSection(SolutionProperties) = preSolution
		HideSolutionNode = FALSE
	EndGlobalSection
	GlobalSection(NestedProjects) = preSolution
		{F62E14DE-359C-4397-B6A1-479F2EFFEB69} = {3E99775A-5BE6-4254-BAEF-F640A1967207}
		{038477E2-5073-4DA9-8A24-BD3B658BDA33} = {ECF76FBC-554E-44BF-9959-8908F5C13A44}
		{2A31B026-8F1B-426A-8820-CFE8FB88DF4B} = {407F4C67-47BD-48ED-B23B-FECB1988BBA5}
	EndGlobalSection
	GlobalSection(ExtensibilityGlobals) = postSolution
		SolutionGuid = {BA398B20-94E2-4CDB-A915-4CA34386ACCF}
	EndGlobalSection
EndGlobal
